
Microsoft Visual Studio Solution File, Format Version 12.00
# Visual Studio Version 17
VisualStudioVersion = 17.14.36623.8
MinimumVisualStudioVersion = 10.0.40219.1
Project("{FAE04EC0-301F-11D3-BF4B-00C04F79EFBC}") = "TradeLogic", "TradeLogic\TradeLogic.csproj", "{C5E00640-D1CC-4E4D-BD93-0DDDB89FE0AD}"
EndProject
Project("{FAE04EC0-301F-11D3-BF4B-00C04F79EFBC}") = "UnitTests", "UnitTests\UnitTests.csproj", "{6E2561A6-A9A0-8B76-749F-D9DB18D15A3F}"
EndProject
Project("{FAE04EC0-301F-11D3-BF4B-00C04F79EFBC}") = "WickScalper", "WickScalper\WickScalper.csproj", "{7127E90D-C96A-4975-8B28-8DB215FA4F47}"
EndProject
Global
	GlobalSection(SolutionConfigurationPlatforms) = preSolution
		Debug|Any CPU = Debug|Any CPU
		Release|Any CPU = Release|Any CPU
	EndGlobalSection
	GlobalSection(ProjectConfigurationPlatforms) = postSolution
		{C5E00640-D1CC-4E4D-BD93-0DDDB89FE0AD}.Debug|Any CPU.ActiveCfg = Debug|Any CPU
		{C5E00640-D1CC-4E4D-BD93-0DDDB89FE0AD}.Debug|Any CPU.Build.0 = Debug|Any CPU
		{C5E00640-D1CC-4E4D-BD93-0DDDB89FE0AD}.Release|Any CPU.ActiveCfg = Release|Any CPU
		{C5E00640-D1CC-4E4D-BD93-0DDDB89FE0AD}.Release|Any CPU.Build.0 = Release|Any CPU
		{6E2561A6-A9A0-8B76-749F-D9DB18D15A3F}.Debug|Any CPU.ActiveCfg = Debug|Any CPU
		{6E2561A6-A9A0-8B76-749F-D9DB18D15A3F}.Debug|Any CPU.Build.0 = Debug|Any CPU
		{6E2561A6-A9A0-8B76-749F-D9DB18D15A3F}.Release|Any CPU.ActiveCfg = Release|Any CPU
		{6E2561A6-A9A0-8B76-749F-D9DB18D15A3F}.Release|Any CPU.Build.0 = Release|Any CPU
		{7127E90D-C96A-4975-8B28-8DB215FA4F47}.Debug|Any CPU.ActiveCfg = Debug|Any CPU
		{7127E90D-C96A-4975-8B28-8DB215FA4F47}.Debug|Any CPU.Build.0 = Debug|Any CPU
		{7127E90D-C96A-4975-8B28-8DB215FA4F47}.Release|Any CPU.ActiveCfg = Release|Any CPU
		{7127E90D-C96A-4975-8B28-8DB215FA4F47}.Release|Any CPU.Build.0 = Release|Any CPU
	EndGlobalSection
	GlobalSection(SolutionProperties) = preSolution
		HideSolutionNode = FALSE
	EndGlobalSection
	GlobalSection(ExtensibilityGlobals) = postSolution
		SolutionGuid = {AD255933-A21E-4DE7-9731-678F4FF4FC2B}
	EndGlobalSection
EndGlobal
